# This file is @generated by PDM.
# It is not intended for manual editing.

[metadata]
groups = ["default"]
strategy = ["inherit_metadata"]
lock_version = "4.5.0"
content_hash = "sha256:989e8bf9d82a812a1f3affa2bd06322d8c2737ac735652c649e13586d07bd766"

[[metadata.targets]]
requires_python = "==3.10.*"

[[package]]
name = "altair"
version = "5.5.0"
requires_python = ">=3.9"
summary = "Vega-Altair: A declarative statistical visualization library for Python."
groups = ["default"]
dependencies = [
    "jinja2",
    "jsonschema>=3.0",
    "narwhals>=1.14.2",
    "packaging",
    "typing-extensions>=4.10.0; python_version < \"3.14\"",
]
files = [
    {file = "altair-5.5.0-py3-none-any.whl", hash = "sha256:91a310b926508d560fe0148d02a194f38b824122641ef528113d029fcd129f8c"},
    {file = "altair-5.5.0.tar.gz", hash = "sha256:d960ebe6178c56de3855a68c47b516be38640b73fb3b5111c2a9ca90546dd73d"},
]

[[package]]
name = "attrs"
version = "25.3.0"
requires_python = ">=3.8"
summary = "Classes Without Boilerplate"
groups = ["default"]
files = [
    {file = "attrs-25.3.0-py3-none-any.whl", hash = "sha256:427318ce031701fea540783410126f03899a97ffc6f61596ad581ac2e40e3bc3"},
    {file = "attrs-25.3.0.tar.gz", hash = "sha256:75d7cefc7fb576747b2c81b4442d4d4a1ce0900973527c011d1030fd3bf4af1b"},
]

[[package]]
name = "blinker"
version = "1.9.0"
requires_python = ">=3.9"
summary = "Fast, simple object-to-object and broadcast signaling"
groups = ["default"]
files = [
    {file = "blinker-1.9.0-py3-none-any.whl", hash = "sha256:ba0efaa9080b619ff2f3459d1d500c57bddea4a6b424b60a91141db6fd2f08bc"},
    {file = "blinker-1.9.0.tar.gz", hash = "sha256:b4ce2265a7abece45e7cc896e98dbebe6cead56bcf805a3d23136d145f5445bf"},
]

[[package]]
name = "cachetools"
version = "5.5.2"
requires_python = ">=3.7"
summary = "Extensible memoizing collections and decorators"
groups = ["default"]
files = [
    {file = "cachetools-5.5.2-py3-none-any.whl", hash = "sha256:d26a22bcc62eb95c3beabd9f1ee5e820d3d2704fe2967cbe350e20c8ffcd3f0a"},
    {file = "cachetools-5.5.2.tar.gz", hash = "sha256:1a661caa9175d26759571b2e19580f9d6393969e5dfca11fdb1f947a23e640d4"},
]

[[package]]
name = "certifi"
version = "2025.1.31"
requires_python = ">=3.6"
summary = "Python package for providing Mozilla's CA Bundle."
groups = ["default"]
files = [
    {file = "certifi-2025.1.31-py3-none-any.whl", hash = "sha256:ca78db4565a652026a4db2bcdf68f2fb589ea80d0be70e03929ed730746b84fe"},
    {file = "certifi-2025.1.31.tar.gz", hash = "sha256:3d5da6925056f6f18f119200434a4780a94263f10d1c21d032a6f6b2baa20651"},
]

[[package]]
name = "charset-normalizer"
version = "3.4.1"
requires_python = ">=3.7"
summary = "The Real First Universal Charset Detector. Open, modern and actively maintained alternative to Chardet."
groups = ["default"]
files = [
    {file = "charset_normalizer-3.4.1-cp310-cp310-macosx_10_9_universal2.whl", hash = "sha256:91b36a978b5ae0ee86c394f5a54d6ef44db1de0815eb43de826d41d21e4af3de"},
    {file = "charset_normalizer-3.4.1-cp310-cp310-manylinux_2_17_aarch64.manylinux2014_aarch64.whl", hash = "sha256:7461baadb4dc00fd9e0acbe254e3d7d2112e7f92ced2adc96e54ef6501c5f176"},
    {file = "charset_normalizer-3.4.1-cp310-cp310-manylinux_2_17_ppc64le.manylinux2014_ppc64le.whl", hash = "sha256:e218488cd232553829be0664c2292d3af2eeeb94b32bea483cf79ac6a694e037"},
    {file = "charset_normalizer-3.4.1-cp310-cp310-manylinux_2_17_s390x.manylinux2014_s390x.whl", hash = "sha256:80ed5e856eb7f30115aaf94e4a08114ccc8813e6ed1b5efa74f9f82e8509858f"},
    {file = "charset_normalizer-3.4.1-cp310-cp310-manylinux_2_17_x86_64.manylinux2014_x86_64.whl", hash = "sha256:b010a7a4fd316c3c484d482922d13044979e78d1861f0e0650423144c616a46a"},
    {file = "charset_normalizer-3.4.1-cp310-cp310-manylinux_2_5_i686.manylinux1_i686.manylinux_2_17_i686.manylinux2014_i686.whl", hash = "sha256:4532bff1b8421fd0a320463030c7520f56a79c9024a4e88f01c537316019005a"},
    {file = "charset_normalizer-3.4.1-cp310-cp310-musllinux_1_2_aarch64.whl", hash = "sha256:d973f03c0cb71c5ed99037b870f2be986c3c05e63622c017ea9816881d2dd247"},
    {file = "charset_normalizer-3.4.1-cp310-cp310-musllinux_1_2_i686.whl", hash = "sha256:3a3bd0dcd373514dcec91c411ddb9632c0d7d92aed7093b8c3bbb6d69ca74408"},
    {file = "charset_normalizer-3.4.1-cp310-cp310-musllinux_1_2_ppc64le.whl", hash = "sha256:d9c3cdf5390dcd29aa8056d13e8e99526cda0305acc038b96b30352aff5ff2bb"},
    {file = "charset_normalizer-3.4.1-cp310-cp310-musllinux_1_2_s390x.whl", hash = "sha256:2bdfe3ac2e1bbe5b59a1a63721eb3b95fc9b6817ae4a46debbb4e11f6232428d"},
    {file = "charset_normalizer-3.4.1-cp310-cp310-musllinux_1_2_x86_64.whl", hash = "sha256:eab677309cdb30d047996b36d34caeda1dc91149e4fdca0b1a039b3f79d9a807"},
    {file = "charset_normalizer-3.4.1-cp310-cp310-win32.whl", hash = "sha256:c0429126cf75e16c4f0ad00ee0eae4242dc652290f940152ca8c75c3a4b6ee8f"},
    {file = "charset_normalizer-3.4.1-cp310-cp310-win_amd64.whl", hash = "sha256:9f0b8b1c6d84c8034a44893aba5e767bf9c7a211e313a9605d9c617d7083829f"},
    {file = "charset_normalizer-3.4.1-py3-none-any.whl", hash = "sha256:d98b1668f06378c6dbefec3b92299716b931cd4e6061f3c875a71ced1780ab85"},
    {file = "charset_normalizer-3.4.1.tar.gz", hash = "sha256:44251f18cd68a75b56585dd00dae26183e102cd5e0f9f1466e6df5da2ed64ea3"},
]

[[package]]
name = "click"
version = "8.1.8"
requires_python = ">=3.7"
summary = "Composable command line interface toolkit"
groups = ["default"]
dependencies = [
    "colorama; platform_system == \"Windows\"",
    "importlib-metadata; python_version < \"3.8\"",
]
files = [
    {file = "click-8.1.8-py3-none-any.whl", hash = "sha256:63c132bbbed01578a06712a2d1f497bb62d9c1c0d329b7903a866228027263b2"},
    {file = "click-8.1.8.tar.gz", hash = "sha256:ed53c9d8990d83c2a27deae68e4ee337473f6330c040a31d4225c9574d16096a"},
]

[[package]]
name = "colorama"
version = "0.4.6"
requires_python = "!=3.0.*,!=3.1.*,!=3.2.*,!=3.3.*,!=3.4.*,!=3.5.*,!=3.6.*,>=2.7"
summary = "Cross-platform colored terminal text."
groups = ["default"]
marker = "platform_system == \"Windows\""
files = [
    {file = "colorama-0.4.6-py2.py3-none-any.whl", hash = "sha256:4f1d9991f5acc0ca119f9d443620b77f9d6b33703e51011c16baf57afb285fc6"},
    {file = "colorama-0.4.6.tar.gz", hash = "sha256:08695f5cb7ed6e0531a20572697297273c47b8cae5a63ffc6d6ed5c201be6e44"},
]

[[package]]
name = "gitdb"
version = "4.0.12"
requires_python = ">=3.7"
summary = "Git Object Database"
groups = ["default"]
dependencies = [
    "smmap<6,>=3.0.1",
]
files = [
    {file = "gitdb-4.0.12-py3-none-any.whl", hash = "sha256:67073e15955400952c6565cc3e707c554a4eea2e428946f7a4c162fab9bd9bcf"},
    {file = "gitdb-4.0.12.tar.gz", hash = "sha256:5ef71f855d191a3326fcfbc0d5da835f26b13fbcba60c32c21091c349ffdb571"},
]

[[package]]
name = "gitpython"
version = "3.1.44"
requires_python = ">=3.7"
summary = "GitPython is a Python library used to interact with Git repositories"
groups = ["default"]
dependencies = [
    "gitdb<5,>=4.0.1",
    "typing-extensions>=3.7.4.3; python_version < \"3.8\"",
]
files = [
    {file = "GitPython-3.1.44-py3-none-any.whl", hash = "sha256:9e0e10cda9bed1ee64bc9a6de50e7e38a9c9943241cd7f585f6df3ed28011110"},
    {file = "gitpython-3.1.44.tar.gz", hash = "sha256:c87e30b26253bf5418b01b0660f818967f3c503193838337fe5e573331249269"},
]

[[package]]
name = "idna"
version = "3.10"
requires_python = ">=3.6"
summary = "Internationalized Domain Names in Applications (IDNA)"
groups = ["default"]
files = [
    {file = "idna-3.10-py3-none-any.whl", hash = "sha256:946d195a0d259cbba61165e88e65941f16e9b36ea6ddb97f00452bae8b1287d3"},
    {file = "idna-3.10.tar.gz", hash = "sha256:12f65c9b470abda6dc35cf8e63cc574b1c52b11df2c86030af0ac09b01b13ea9"},
]

[[package]]
name = "jinja2"
version = "3.1.6"
requires_python = ">=3.7"
summary = "A very fast and expressive template engine."
groups = ["default"]
dependencies = [
    "MarkupSafe>=2.0",
]
files = [
    {file = "jinja2-3.1.6-py3-none-any.whl", hash = "sha256:85ece4451f492d0c13c5dd7c13a64681a86afae63a5f347908daf103ce6d2f67"},
    {file = "jinja2-3.1.6.tar.gz", hash = "sha256:0137fb05990d35f1275a587e9aee6d56da821fc83491a0fb838183be43f66d6d"},
]

[[package]]
name = "jsonschema"
version = "4.23.0"
requires_python = ">=3.8"
summary = "An implementation of JSON Schema validation for Python"
groups = ["default"]
dependencies = [
    "attrs>=22.2.0",
    "importlib-resources>=1.4.0; python_version < \"3.9\"",
    "jsonschema-specifications>=2023.03.6",
    "pkgutil-resolve-name>=1.3.10; python_version < \"3.9\"",
    "referencing>=0.28.4",
    "rpds-py>=0.7.1",
]
files = [
    {file = "jsonschema-4.23.0-py3-none-any.whl", hash = "sha256:fbadb6f8b144a8f8cf9f0b89ba94501d143e50411a1278633f56a7acf7fd5566"},
    {file = "jsonschema-4.23.0.tar.gz", hash = "sha256:d71497fef26351a33265337fa77ffeb82423f3ea21283cd9467bb03999266bc4"},
]

[[package]]
name = "jsonschema-specifications"
version = "2024.10.1"
requires_python = ">=3.9"
summary = "The JSON Schema meta-schemas and vocabularies, exposed as a Registry"
groups = ["default"]
dependencies = [
    "referencing>=0.31.0",
]
files = [
    {file = "jsonschema_specifications-2024.10.1-py3-none-any.whl", hash = "sha256:a09a0680616357d9a0ecf05c12ad234479f549239d0f5b55f3deea67475da9bf"},
    {file = "jsonschema_specifications-2024.10.1.tar.gz", hash = "sha256:0f38b83639958ce1152d02a7f062902c41c8fd20d558b0c34344292d417ae272"},
]

[[package]]
name = "markupsafe"
version = "3.0.2"
requires_python = ">=3.9"
summary = "Safely add untrusted strings to HTML/XML markup."
groups = ["default"]
files = [
    {file = "MarkupSafe-3.0.2-cp310-cp310-macosx_10_9_universal2.whl", hash = "sha256:7e94c425039cde14257288fd61dcfb01963e658efbc0ff54f5306b06054700f8"},
    {file = "MarkupSafe-3.0.2-cp310-cp310-macosx_11_0_arm64.whl", hash = "sha256:9e2d922824181480953426608b81967de705c3cef4d1af983af849d7bd619158"},
    {file = "MarkupSafe-3.0.2-cp310-cp310-manylinux_2_17_aarch64.manylinux2014_aarch64.whl", hash = "sha256:38a9ef736c01fccdd6600705b09dc574584b89bea478200c5fbf112a6b0d5579"},
    {file = "MarkupSafe-3.0.2-cp310-cp310-manylinux_2_17_x86_64.manylinux2014_x86_64.whl", hash = "sha256:bbcb445fa71794da8f178f0f6d66789a28d7319071af7a496d4d507ed566270d"},
    {file = "MarkupSafe-3.0.2-cp310-cp310-manylinux_2_5_i686.manylinux1_i686.manylinux_2_17_i686.manylinux2014_i686.whl", hash = "sha256:57cb5a3cf367aeb1d316576250f65edec5bb3be939e9247ae594b4bcbc317dfb"},
    {file = "MarkupSafe-3.0.2-cp310-cp310-musllinux_1_2_aarch64.whl", hash = "sha256:3809ede931876f5b2ec92eef964286840ed3540dadf803dd570c3b7e13141a3b"},
    {file = "MarkupSafe-3.0.2-cp310-cp310-musllinux_1_2_i686.whl", hash = "sha256:e07c3764494e3776c602c1e78e298937c3315ccc9043ead7e685b7f2b8d47b3c"},
    {file = "MarkupSafe-3.0.2-cp310-cp310-musllinux_1_2_x86_64.whl", hash = "sha256:b424c77b206d63d500bcb69fa55ed8d0e6a3774056bdc4839fc9298a7edca171"},
    {file = "MarkupSafe-3.0.2-cp310-cp310-win32.whl", hash = "sha256:fcabf5ff6eea076f859677f5f0b6b5c1a51e70a376b0579e0eadef8db48c6b50"},
    {file = "MarkupSafe-3.0.2-cp310-cp310-win_amd64.whl", hash = "sha256:6af100e168aa82a50e186c82875a5893c5597a0c1ccdb0d8b40240b1f28b969a"},
    {file = "markupsafe-3.0.2.tar.gz", hash = "sha256:ee55d3edf80167e48ea11a923c7386f4669df67d7994554387f84e7d8b0a2bf0"},
]

[[package]]
name = "narwhals"
version = "1.32.0"
requires_python = ">=3.8"
summary = "Extremely lightweight compatibility layer between dataframe libraries"
groups = ["default"]
files = [
    {file = "narwhals-1.32.0-py3-none-any.whl", hash = "sha256:8bdbf3f76155887412eea04b0b06303856ac1aa3d9e8bda5b5e54612855fa560"},
    {file = "narwhals-1.32.0.tar.gz", hash = "sha256:bd0aa41434737adb4b26f8593f3559abc7d938730ece010fe727b58bc363580d"},
]

[[package]]
name = "numpy"
version = "2.2.4"
requires_python = ">=3.10"
summary = "Fundamental package for array computing in Python"
groups = ["default"]
files = [
    {file = "numpy-2.2.4-cp310-cp310-macosx_10_9_x86_64.whl", hash = "sha256:8146f3550d627252269ac42ae660281d673eb6f8b32f113538e0cc2a9aed42b9"},
    {file = "numpy-2.2.4-cp310-cp310-macosx_11_0_arm64.whl", hash = "sha256:e642d86b8f956098b564a45e6f6ce68a22c2c97a04f5acd3f221f57b8cb850ae"},
    {file = "numpy-2.2.4-cp310-cp310-macosx_14_0_arm64.whl", hash = "sha256:a84eda42bd12edc36eb5b53bbcc9b406820d3353f1994b6cfe453a33ff101775"},
    {file = "numpy-2.2.4-cp310-cp310-macosx_14_0_x86_64.whl", hash = "sha256:4ba5054787e89c59c593a4169830ab362ac2bee8a969249dc56e5d7d20ff8df9"},
    {file = "numpy-2.2.4-cp310-cp310-manylinux_2_17_aarch64.manylinux2014_aarch64.whl", hash = "sha256:7716e4a9b7af82c06a2543c53ca476fa0b57e4d760481273e09da04b74ee6ee2"},
    {file = "numpy-2.2.4-cp310-cp310-manylinux_2_17_x86_64.manylinux2014_x86_64.whl", hash = "sha256:adf8c1d66f432ce577d0197dceaac2ac00c0759f573f28516246351c58a85020"},
    {file = "numpy-2.2.4-cp310-cp310-musllinux_1_2_aarch64.whl", hash = "sha256:218f061d2faa73621fa23d6359442b0fc658d5b9a70801373625d958259eaca3"},
    {file = "numpy-2.2.4-cp310-cp310-musllinux_1_2_x86_64.whl", hash = "sha256:df2f57871a96bbc1b69733cd4c51dc33bea66146b8c63cacbfed73eec0883017"},
    {file = "numpy-2.2.4-cp310-cp310-win32.whl", hash = "sha256:a0258ad1f44f138b791327961caedffbf9612bfa504ab9597157806faa95194a"},
    {file = "numpy-2.2.4-cp310-cp310-win_amd64.whl", hash = "sha256:0d54974f9cf14acf49c60f0f7f4084b6579d24d439453d5fc5805d46a165b542"},
    {file = "numpy-2.2.4-pp310-pypy310_pp73-macosx_10_15_x86_64.whl", hash = "sha256:7051ee569db5fbac144335e0f3b9c2337e0c8d5c9fee015f259a5bd70772b7e8"},
    {file = "numpy-2.2.4-pp310-pypy310_pp73-macosx_14_0_x86_64.whl", hash = "sha256:ab2939cd5bec30a7430cbdb2287b63151b77cf9624de0532d629c9a1c59b1d5c"},
    {file = "numpy-2.2.4-pp310-pypy310_pp73-manylinux_2_17_x86_64.manylinux2014_x86_64.whl", hash = "sha256:d0f35b19894a9e08639fd60a1ec1978cb7f5f7f1eace62f38dd36be8aecdef4d"},
    {file = "numpy-2.2.4-pp310-pypy310_pp73-win_amd64.whl", hash = "sha256:b4adfbbc64014976d2f91084915ca4e626fbf2057fb81af209c1a6d776d23e3d"},
    {file = "numpy-2.2.4.tar.gz", hash = "sha256:9ba03692a45d3eef66559efe1d1096c4b9b75c0986b5dff5530c378fb8331d4f"},
]

[[package]]
name = "packaging"
version = "24.2"
requires_python = ">=3.8"
summary = "Core utilities for Python packages"
groups = ["default"]
files = [
    {file = "packaging-24.2-py3-none-any.whl", hash = "sha256:09abb1bccd265c01f4a3aa3f7a7db064b36514d2cba19a2f694fe6150451a759"},
    {file = "packaging-24.2.tar.gz", hash = "sha256:c228a6dc5e932d346bc5739379109d49e8853dd8223571c7c5b55260edc0b97f"},
]

[[package]]
name = "pandas"
version = "2.2.3"
requires_python = ">=3.9"
summary = "Powerful data structures for data analysis, time series, and statistics"
groups = ["default"]
dependencies = [
    "numpy>=1.22.4; python_version < \"3.11\"",
    "numpy>=1.23.2; python_version == \"3.11\"",
    "numpy>=1.26.0; python_version >= \"3.12\"",
    "python-dateutil>=2.8.2",
    "pytz>=2020.1",
    "tzdata>=2022.7",
]
files = [
    {file = "pandas-2.2.3-cp310-cp310-macosx_10_9_x86_64.whl", hash = "sha256:1948ddde24197a0f7add2bdc4ca83bf2b1ef84a1bc8ccffd95eda17fd836ecb5"},
    {file = "pandas-2.2.3-cp310-cp310-macosx_11_0_arm64.whl", hash = "sha256:381175499d3802cde0eabbaf6324cce0c4f5d52ca6f8c377c29ad442f50f6348"},
    {file = "pandas-2.2.3-cp310-cp310-manylinux2014_aarch64.manylinux_2_17_aarch64.whl", hash = "sha256:d9c45366def9a3dd85a6454c0e7908f2b3b8e9c138f5dc38fed7ce720d8453ed"},
    {file = "pandas-2.2.3-cp310-cp310-manylinux_2_17_x86_64.manylinux2014_x86_64.whl", hash = "sha256:86976a1c5b25ae3f8ccae3a5306e443569ee3c3faf444dfd0f41cda24667ad57"},
    {file = "pandas-2.2.3-cp310-cp310-musllinux_1_2_aarch64.whl", hash = "sha256:b8661b0238a69d7aafe156b7fa86c44b881387509653fdf857bebc5e4008ad42"},
    {file = "pandas-2.2.3-cp310-cp310-musllinux_1_2_x86_64.whl", hash = "sha256:37e0aced3e8f539eccf2e099f65cdb9c8aa85109b0be6e93e2baff94264bdc6f"},
    {file = "pandas-2.2.3-cp310-cp310-win_amd64.whl", hash = "sha256:56534ce0746a58afaf7942ba4863e0ef81c9c50d3f0ae93e9497d6a41a057645"},
    {file = "pandas-2.2.3.tar.gz", hash = "sha256:4f18ba62b61d7e192368b84517265a99b4d7ee8912f8708660fb4a366cc82667"},
]

[[package]]
name = "pillow"
version = "11.1.0"
requires_python = ">=3.9"
summary = "Python Imaging Library (Fork)"
groups = ["default"]
files = [
    {file = "pillow-11.1.0-cp310-cp310-macosx_10_10_x86_64.whl", hash = "sha256:e1abe69aca89514737465752b4bcaf8016de61b3be1397a8fc260ba33321b3a8"},
    {file = "pillow-11.1.0-cp310-cp310-macosx_11_0_arm64.whl", hash = "sha256:c640e5a06869c75994624551f45e5506e4256562ead981cce820d5ab39ae2192"},
    {file = "pillow-11.1.0-cp310-cp310-manylinux_2_17_aarch64.manylinux2014_aarch64.whl", hash = "sha256:a07dba04c5e22824816b2615ad7a7484432d7f540e6fa86af60d2de57b0fcee2"},
    {file = "pillow-11.1.0-cp310-cp310-manylinux_2_17_x86_64.manylinux2014_x86_64.whl", hash = "sha256:e267b0ed063341f3e60acd25c05200df4193e15a4a5807075cd71225a2386e26"},
    {file = "pillow-11.1.0-cp310-cp310-manylinux_2_28_aarch64.whl", hash = "sha256:bd165131fd51697e22421d0e467997ad31621b74bfc0b75956608cb2906dda07"},
    {file = "pillow-11.1.0-cp310-cp310-manylinux_2_28_x86_64.whl", hash = "sha256:abc56501c3fd148d60659aae0af6ddc149660469082859fa7b066a298bde9482"},
    {file = "pillow-11.1.0-cp310-cp310-musllinux_1_2_aarch64.whl", hash = "sha256:54ce1c9a16a9561b6d6d8cb30089ab1e5eb66918cb47d457bd996ef34182922e"},
    {file = "pillow-11.1.0-cp310-cp310-musllinux_1_2_x86_64.whl", hash = "sha256:73ddde795ee9b06257dac5ad42fcb07f3b9b813f8c1f7f870f402f4dc54b5269"},
    {file = "pillow-11.1.0-cp310-cp310-win32.whl", hash = "sha256:3a5fe20a7b66e8135d7fd617b13272626a28278d0e578c98720d9ba4b2439d49"},
    {file = "pillow-11.1.0-cp310-cp310-win_amd64.whl", hash = "sha256:b6123aa4a59d75f06e9dd3dac5bf8bc9aa383121bb3dd9a7a612e05eabc9961a"},
    {file = "pillow-11.1.0-cp310-cp310-win_arm64.whl", hash = "sha256:a76da0a31da6fcae4210aa94fd779c65c75786bc9af06289cd1c184451ef7a65"},
    {file = "pillow-11.1.0-pp310-pypy310_pp73-macosx_10_15_x86_64.whl", hash = "sha256:8c730dc3a83e5ac137fbc92dfcfe1511ce3b2b5d7578315b63dbbb76f7f51d90"},
    {file = "pillow-11.1.0-pp310-pypy310_pp73-macosx_11_0_arm64.whl", hash = "sha256:7d33d2fae0e8b170b6a6c57400e077412240f6f5bb2a342cf1ee512a787942bb"},
    {file = "pillow-11.1.0-pp310-pypy310_pp73-manylinux_2_17_aarch64.manylinux2014_aarch64.whl", hash = "sha256:a8d65b38173085f24bc07f8b6c505cbb7418009fa1a1fcb111b1f4961814a442"},
    {file = "pillow-11.1.0-pp310-pypy310_pp73-manylinux_2_17_x86_64.manylinux2014_x86_64.whl", hash = "sha256:015c6e863faa4779251436db398ae75051469f7c903b043a48f078e437656f83"},
    {file = "pillow-11.1.0-pp310-pypy310_pp73-manylinux_2_28_aarch64.whl", hash = "sha256:d44ff19eea13ae4acdaaab0179fa68c0c6f2f45d66a4d8ec1eda7d6cecbcc15f"},
    {file = "pillow-11.1.0-pp310-pypy310_pp73-manylinux_2_28_x86_64.whl", hash = "sha256:d3d8da4a631471dfaf94c10c85f5277b1f8e42ac42bade1ac67da4b4a7359b73"},
    {file = "pillow-11.1.0-pp310-pypy310_pp73-win_amd64.whl", hash = "sha256:4637b88343166249fe8aa94e7c4a62a180c4b3898283bb5d3d2fd5fe10d8e4e0"},
    {file = "pillow-11.1.0.tar.gz", hash = "sha256:368da70808b36d73b4b390a8ffac11069f8a5c85f29eff1f1b01bcf3ef5b2a20"},
]

[[package]]
name = "protobuf"
version = "5.29.4"
requires_python = ">=3.8"
summary = ""
groups = ["default"]
files = [
    {file = "protobuf-5.29.4-cp310-abi3-win32.whl", hash = "sha256:13eb236f8eb9ec34e63fc8b1d6efd2777d062fa6aaa68268fb67cf77f6839ad7"},
    {file = "protobuf-5.29.4-cp310-abi3-win_amd64.whl", hash = "sha256:bcefcdf3976233f8a502d265eb65ea740c989bacc6c30a58290ed0e519eb4b8d"},
    {file = "protobuf-5.29.4-cp38-abi3-macosx_10_9_universal2.whl", hash = "sha256:307ecba1d852ec237e9ba668e087326a67564ef83e45a0189a772ede9e854dd0"},
    {file = "protobuf-5.29.4-cp38-abi3-manylinux2014_aarch64.whl", hash = "sha256:aec4962f9ea93c431d5714ed1be1c93f13e1a8618e70035ba2b0564d9e633f2e"},
    {file = "protobuf-5.29.4-cp38-abi3-manylinux2014_x86_64.whl", hash = "sha256:d7d3f7d1d5a66ed4942d4fefb12ac4b14a29028b209d4bfb25c68ae172059922"},
    {file = "protobuf-5.29.4-py3-none-any.whl", hash = "sha256:3fde11b505e1597f71b875ef2fc52062b6a9740e5f7c8997ce878b6009145862"},
    {file = "protobuf-5.29.4.tar.gz", hash = "sha256:4f1dfcd7997b31ef8f53ec82781ff434a28bf71d9102ddde14d076adcfc78c99"},
]

[[package]]
name = "pyarrow"
version = "19.0.1"
requires_python = ">=3.9"
summary = "Python library for Apache Arrow"
groups = ["default"]
files = [
    {file = "pyarrow-19.0.1-cp310-cp310-macosx_12_0_arm64.whl", hash = "sha256:fc28912a2dc924dddc2087679cc8b7263accc71b9ff025a1362b004711661a69"},
    {file = "pyarrow-19.0.1-cp310-cp310-macosx_12_0_x86_64.whl", hash = "sha256:fca15aabbe9b8355800d923cc2e82c8ef514af321e18b437c3d782aa884eaeec"},
    {file = "pyarrow-19.0.1-cp310-cp310-manylinux_2_17_aarch64.manylinux2014_aarch64.whl", hash = "sha256:ad76aef7f5f7e4a757fddcdcf010a8290958f09e3470ea458c80d26f4316ae89"},
    {file = "pyarrow-19.0.1-cp310-cp310-manylinux_2_17_x86_64.manylinux2014_x86_64.whl", hash = "sha256:d03c9d6f2a3dffbd62671ca070f13fc527bb1867b4ec2b98c7eeed381d4f389a"},
    {file = "pyarrow-19.0.1-cp310-cp310-manylinux_2_28_aarch64.whl", hash = "sha256:65cf9feebab489b19cdfcfe4aa82f62147218558d8d3f0fc1e9dea0ab8e7905a"},
    {file = "pyarrow-19.0.1-cp310-cp310-manylinux_2_28_x86_64.whl", hash = "sha256:41f9706fbe505e0abc10e84bf3a906a1338905cbbcf1177b71486b03e6ea6608"},
    {file = "pyarrow-19.0.1-cp310-cp310-win_amd64.whl", hash = "sha256:c6cb2335a411b713fdf1e82a752162f72d4a7b5dbc588e32aa18383318b05866"},
    {file = "pyarrow-19.0.1.tar.gz", hash = "sha256:3bf266b485df66a400f282ac0b6d1b500b9d2ae73314a153dbe97d6d5cc8a99e"},
]

[[package]]
name = "pydeck"
version = "0.9.1"
requires_python = ">=3.8"
summary = "Widget for deck.gl maps"
groups = ["default"]
dependencies = [
    "jinja2>=2.10.1",
    "numpy>=1.16.4",
]
files = [
    {file = "pydeck-0.9.1-py2.py3-none-any.whl", hash = "sha256:b3f75ba0d273fc917094fa61224f3f6076ca8752b93d46faf3bcfd9f9d59b038"},
    {file = "pydeck-0.9.1.tar.gz", hash = "sha256:f74475ae637951d63f2ee58326757f8d4f9cd9f2a457cf42950715003e2cb605"},
]

[[package]]
name = "python-dateutil"
version = "2.9.0.post0"
requires_python = "!=3.0.*,!=3.1.*,!=3.2.*,>=2.7"
summary = "Extensions to the standard Python datetime module"
groups = ["default"]
dependencies = [
    "six>=1.5",
]
files = [
    {file = "python-dateutil-2.9.0.post0.tar.gz", hash = "sha256:37dd54208da7e1cd875388217d5e00ebd4179249f90fb72437e91a35459a0ad3"},
    {file = "python_dateutil-2.9.0.post0-py2.py3-none-any.whl", hash = "sha256:a8b2bc7bffae282281c8140a97d3aa9c14da0b136dfe83f850eea9a5f7470427"},
]

[[package]]
name = "pytz"
version = "2025.1"
summary = "World timezone definitions, modern and historical"
groups = ["default"]
files = [
    {file = "pytz-2025.1-py2.py3-none-any.whl", hash = "sha256:89dd22dca55b46eac6eda23b2d72721bf1bdfef212645d81513ef5d03038de57"},
    {file = "pytz-2025.1.tar.gz", hash = "sha256:c2db42be2a2518b28e65f9207c4d05e6ff547d1efa4086469ef855e4ab70178e"},
]

[[package]]
name = "referencing"
version = "0.36.2"
requires_python = ">=3.9"
summary = "JSON Referencing + Python"
groups = ["default"]
dependencies = [
    "attrs>=22.2.0",
    "rpds-py>=0.7.0",
    "typing-extensions>=4.4.0; python_version < \"3.13\"",
]
files = [
    {file = "referencing-0.36.2-py3-none-any.whl", hash = "sha256:e8699adbbf8b5c7de96d8ffa0eb5c158b3beafce084968e2ea8bb08c6794dcd0"},
    {file = "referencing-0.36.2.tar.gz", hash = "sha256:df2e89862cd09deabbdba16944cc3f10feb6b3e6f18e902f7cc25609a34775aa"},
]

[[package]]
name = "requests"
version = "2.32.3"
requires_python = ">=3.8"
summary = "Python HTTP for Humans."
groups = ["default"]
dependencies = [
    "certifi>=2017.4.17",
    "charset-normalizer<4,>=2",
    "idna<4,>=2.5",
    "urllib3<3,>=1.21.1",
]
files = [
    {file = "requests-2.32.3-py3-none-any.whl", hash = "sha256:70761cfe03c773ceb22aa2f671b4757976145175cdfca038c02654d061d6dcc6"},
    {file = "requests-2.32.3.tar.gz", hash = "sha256:55365417734eb18255590a9ff9eb97e9e1da868d4ccd6402399eaf68af20a760"},
]

[[package]]
name = "rpds-py"
version = "0.23.1"
requires_python = ">=3.9"
summary = "Python bindings to Rust's persistent data structures (rpds)"
groups = ["default"]
files = [
    {file = "rpds_py-0.23.1-cp310-cp310-macosx_10_12_x86_64.whl", hash = "sha256:2a54027554ce9b129fc3d633c92fa33b30de9f08bc61b32c053dc9b537266fed"},
    {file = "rpds_py-0.23.1-cp310-cp310-macosx_11_0_arm64.whl", hash = "sha256:b5ef909a37e9738d146519657a1aab4584018746a18f71c692f2f22168ece40c"},
    {file = "rpds_py-0.23.1-cp310-cp310-manylinux_2_17_aarch64.manylinux2014_aarch64.whl", hash = "sha256:3ee9d6f0b38efb22ad94c3b68ffebe4c47865cdf4b17f6806d6c674e1feb4246"},
    {file = "rpds_py-0.23.1-cp310-cp310-manylinux_2_17_armv7l.manylinux2014_armv7l.whl", hash = "sha256:f7356a6da0562190558c4fcc14f0281db191cdf4cb96e7604c06acfcee96df15"},
    {file = "rpds_py-0.23.1-cp310-cp310-manylinux_2_17_ppc64le.manylinux2014_ppc64le.whl", hash = "sha256:9441af1d25aed96901f97ad83d5c3e35e6cd21a25ca5e4916c82d7dd0490a4fa"},
    {file = "rpds_py-0.23.1-cp310-cp310-manylinux_2_17_s390x.manylinux2014_s390x.whl", hash = "sha256:3d8abf7896a91fb97e7977d1aadfcc2c80415d6dc2f1d0fca5b8d0df247248f3"},
    {file = "rpds_py-0.23.1-cp310-cp310-manylinux_2_17_x86_64.manylinux2014_x86_64.whl", hash = "sha256:1b08027489ba8fedde72ddd233a5ea411b85a6ed78175f40285bd401bde7466d"},
    {file = "rpds_py-0.23.1-cp310-cp310-manylinux_2_5_i686.manylinux1_i686.whl", hash = "sha256:fee513135b5a58f3bb6d89e48326cd5aa308e4bcdf2f7d59f67c861ada482bf8"},
    {file = "rpds_py-0.23.1-cp310-cp310-musllinux_1_2_aarch64.whl", hash = "sha256:35d5631ce0af26318dba0ae0ac941c534453e42f569011585cb323b7774502a5"},
    {file = "rpds_py-0.23.1-cp310-cp310-musllinux_1_2_i686.whl", hash = "sha256:a20cb698c4a59c534c6701b1c24a968ff2768b18ea2991f886bd8985ce17a89f"},
    {file = "rpds_py-0.23.1-cp310-cp310-musllinux_1_2_x86_64.whl", hash = "sha256:5e9c206a1abc27e0588cf8b7c8246e51f1a16a103734f7750830a1ccb63f557a"},
    {file = "rpds_py-0.23.1-cp310-cp310-win32.whl", hash = "sha256:d9f75a06ecc68f159d5d7603b734e1ff6daa9497a929150f794013aa9f6e3f12"},
    {file = "rpds_py-0.23.1-cp310-cp310-win_amd64.whl", hash = "sha256:f35eff113ad430b5272bbfc18ba111c66ff525828f24898b4e146eb479a2cdda"},
    {file = "rpds_py-0.23.1-pp310-pypy310_pp73-macosx_10_12_x86_64.whl", hash = "sha256:c1f8afa346ccd59e4e5630d5abb67aba6a9812fddf764fd7eb11f382a345f8cc"},
    {file = "rpds_py-0.23.1-pp310-pypy310_pp73-macosx_11_0_arm64.whl", hash = "sha256:fad784a31869747df4ac968a351e070c06ca377549e4ace94775aaa3ab33ee06"},
    {file = "rpds_py-0.23.1-pp310-pypy310_pp73-manylinux_2_17_aarch64.manylinux2014_aarch64.whl", hash = "sha256:b5a96fcac2f18e5a0a23a75cd27ce2656c66c11c127b0318e508aab436b77428"},
    {file = "rpds_py-0.23.1-pp310-pypy310_pp73-manylinux_2_17_armv7l.manylinux2014_armv7l.whl", hash = "sha256:3e77febf227a1dc3220159355dba68faa13f8dca9335d97504abf428469fb18b"},
    {file = "rpds_py-0.23.1-pp310-pypy310_pp73-manylinux_2_17_ppc64le.manylinux2014_ppc64le.whl", hash = "sha256:26bb3e8de93443d55e2e748e9fd87deb5f8075ca7bc0502cfc8be8687d69a2ec"},
    {file = "rpds_py-0.23.1-pp310-pypy310_pp73-manylinux_2_17_s390x.manylinux2014_s390x.whl", hash = "sha256:db7707dde9143a67b8812c7e66aeb2d843fe33cc8e374170f4d2c50bd8f2472d"},
    {file = "rpds_py-0.23.1-pp310-pypy310_pp73-manylinux_2_17_x86_64.manylinux2014_x86_64.whl", hash = "sha256:1eedaaccc9bb66581d4ae7c50e15856e335e57ef2734dbc5fd8ba3e2a4ab3cb6"},
    {file = "rpds_py-0.23.1-pp310-pypy310_pp73-manylinux_2_5_i686.manylinux1_i686.whl", hash = "sha256:28358c54fffadf0ae893f6c1050e8f8853e45df22483b7fff2f6ab6152f5d8bf"},
    {file = "rpds_py-0.23.1-pp310-pypy310_pp73-musllinux_1_2_aarch64.whl", hash = "sha256:633462ef7e61d839171bf206551d5ab42b30b71cac8f10a64a662536e057fdef"},
    {file = "rpds_py-0.23.1-pp310-pypy310_pp73-musllinux_1_2_i686.whl", hash = "sha256:a98f510d86f689fcb486dc59e6e363af04151e5260ad1bdddb5625c10f1e95f8"},
    {file = "rpds_py-0.23.1-pp310-pypy310_pp73-musllinux_1_2_x86_64.whl", hash = "sha256:e0397dd0b3955c61ef9b22838144aa4bef6f0796ba5cc8edfc64d468b93798b4"},
    {file = "rpds_py-0.23.1-pp310-pypy310_pp73-win_amd64.whl", hash = "sha256:75307599f0d25bf6937248e5ac4e3bde5ea72ae6618623b86146ccc7845ed00b"},
    {file = "rpds_py-0.23.1.tar.gz", hash = "sha256:7f3240dcfa14d198dba24b8b9cb3b108c06b68d45b7babd9eefc1038fdf7e707"},
]

[[package]]
name = "six"
version = "1.17.0"
requires_python = "!=3.0.*,!=3.1.*,!=3.2.*,>=2.7"
summary = "Python 2 and 3 compatibility utilities"
groups = ["default"]
files = [
    {file = "six-1.17.0-py2.py3-none-any.whl", hash = "sha256:4721f391ed90541fddacab5acf947aa0d3dc7d27b2e1e8eda2be8970586c3274"},
    {file = "six-1.17.0.tar.gz", hash = "sha256:ff70335d468e7eb6ec65b95b99d3a2836546063f63acc5171de367e834932a81"},
]

[[package]]
name = "smmap"
version = "5.0.2"
requires_python = ">=3.7"
summary = "A pure Python implementation of a sliding window memory map manager"
groups = ["default"]
files = [
    {file = "smmap-5.0.2-py3-none-any.whl", hash = "sha256:b30115f0def7d7531d22a0fb6502488d879e75b260a9db4d0819cfb25403af5e"},
    {file = "smmap-5.0.2.tar.gz", hash = "sha256:26ea65a03958fa0c8a1c7e8c7a58fdc77221b8910f6be2131affade476898ad5"},
]

[[package]]
name = "streamlit"
version = "1.43.2"
requires_python = "!=3.9.7,>=3.9"
summary = "A faster way to build and share data apps"
groups = ["default"]
dependencies = [
    "altair<6,>=4.0",
    "blinker<2,>=1.0.0",
    "cachetools<6,>=4.0",
    "click<9,>=7.0",
    "gitpython!=3.1.19,<4,>=3.0.7",
    "numpy<3,>=1.23",
    "packaging<25,>=20",
    "pandas<3,>=1.4.0",
    "pillow<12,>=7.1.0",
    "protobuf<6,>=3.20",
    "pyarrow>=7.0",
    "pydeck<1,>=0.8.0b4",
    "requests<3,>=2.27",
    "tenacity<10,>=8.1.0",
    "toml<2,>=0.10.1",
    "tornado<7,>=6.0.3",
    "typing-extensions<5,>=4.4.0",
    "watchdog<7,>=2.1.5; platform_system != \"Darwin\"",
]
files = [
    {file = "streamlit-1.43.2-py2.py3-none-any.whl", hash = "sha256:c773ff70e8dd14066e49ba4b36740e4d36b0c534624f49abcc73b75389bf9420"},
    {file = "streamlit-1.43.2.tar.gz", hash = "sha256:f3afa2af637d00154c6a4c560d2fde256d7dc8cc1f32a53cf20570c0967841bc"},
]

[[package]]
name = "tenacity"
version = "9.0.0"
requires_python = ">=3.8"
summary = "Retry code until it succeeds"
groups = ["default"]
files = [
    {file = "tenacity-9.0.0-py3-none-any.whl", hash = "sha256:93de0c98785b27fcf659856aa9f54bfbd399e29969b0621bc7f762bd441b4539"},
    {file = "tenacity-9.0.0.tar.gz", hash = "sha256:807f37ca97d62aa361264d497b0e31e92b8027044942bfa756160d908320d73b"},
]

[[package]]
name = "toml"
version = "0.10.2"
requires_python = ">=2.6, !=3.0.*, !=3.1.*, !=3.2.*"
summary = "Python Library for Tom's Obvious, Minimal Language"
groups = ["default"]
files = [
    {file = "toml-0.10.2-py2.py3-none-any.whl", hash = "sha256:806143ae5bfb6a3c6e736a764057db0e6a0e05e338b5630894a5f779cabb4f9b"},
    {file = "toml-0.10.2.tar.gz", hash = "sha256:b3bda1d108d5dd99f4a20d24d9c348e91c4db7ab1b749200bded2f839ccbe68f"},
]

[[package]]
name = "tornado"
version = "6.4.2"
requires_python = ">=3.8"
summary = "Tornado is a Python web framework and asynchronous networking library, originally developed at FriendFeed."
groups = ["default"]
files = [
    {file = "tornado-6.4.2-cp38-abi3-macosx_10_9_universal2.whl", hash = "sha256:e828cce1123e9e44ae2a50a9de3055497ab1d0aeb440c5ac23064d9e44880da1"},
    {file = "tornado-6.4.2-cp38-abi3-macosx_10_9_x86_64.whl", hash = "sha256:072ce12ada169c5b00b7d92a99ba089447ccc993ea2143c9ede887e0937aa803"},
    {file = "tornado-6.4.2-cp38-abi3-manylinux_2_17_aarch64.manylinux2014_aarch64.whl", hash = "sha256:1a017d239bd1bb0919f72af256a970624241f070496635784d9bf0db640d3fec"},
    {file = "tornado-6.4.2-cp38-abi3-manylinux_2_5_i686.manylinux1_i686.manylinux_2_17_i686.manylinux2014_i686.whl", hash = "sha256:c36e62ce8f63409301537222faffcef7dfc5284f27eec227389f2ad11b09d946"},
    {file = "tornado-6.4.2-cp38-abi3-manylinux_2_5_x86_64.manylinux1_x86_64.manylinux_2_17_x86_64.manylinux2014_x86_64.whl", hash = "sha256:bca9eb02196e789c9cb5c3c7c0f04fb447dc2adffd95265b2c7223a8a615ccbf"},
    {file = "tornado-6.4.2-cp38-abi3-musllinux_1_2_aarch64.whl", hash = "sha256:304463bd0772442ff4d0f5149c6f1c2135a1fae045adf070821c6cdc76980634"},
    {file = "tornado-6.4.2-cp38-abi3-musllinux_1_2_i686.whl", hash = "sha256:c82c46813ba483a385ab2a99caeaedf92585a1f90defb5693351fa7e4ea0bf73"},
    {file = "tornado-6.4.2-cp38-abi3-musllinux_1_2_x86_64.whl", hash = "sha256:932d195ca9015956fa502c6b56af9eb06106140d844a335590c1ec7f5277d10c"},
    {file = "tornado-6.4.2-cp38-abi3-win32.whl", hash = "sha256:2876cef82e6c5978fde1e0d5b1f919d756968d5b4282418f3146b79b58556482"},
    {file = "tornado-6.4.2-cp38-abi3-win_amd64.whl", hash = "sha256:908b71bf3ff37d81073356a5fadcc660eb10c1476ee6e2725588626ce7e5ca38"},
    {file = "tornado-6.4.2.tar.gz", hash = "sha256:92bad5b4746e9879fd7bf1eb21dce4e3fc5128d71601f80005afa39237ad620b"},
]

[[package]]
name = "typing-extensions"
version = "4.12.2"
requires_python = ">=3.8"
summary = "Backported and Experimental Type Hints for Python 3.8+"
groups = ["default"]
files = [
    {file = "typing_extensions-4.12.2-py3-none-any.whl", hash = "sha256:04e5ca0351e0f3f85c6853954072df659d0d13fac324d0072316b67d7794700d"},
    {file = "typing_extensions-4.12.2.tar.gz", hash = "sha256:1a7ead55c7e559dd4dee8856e3a88b41225abfe1ce8df57b7c13915fe121ffb8"},
]

[[package]]
name = "tzdata"
version = "2025.2"
requires_python = ">=2"
summary = "Provider of IANA time zone data"
groups = ["default"]
files = [
    {file = "tzdata-2025.2-py2.py3-none-any.whl", hash = "sha256:1a403fada01ff9221ca8044d701868fa132215d84beb92242d9acd2147f667a8"},
    {file = "tzdata-2025.2.tar.gz", hash = "sha256:b60a638fcc0daffadf82fe0f57e53d06bdec2f36c4df66280ae79bce6bd6f2b9"},
]

[[package]]
name = "urllib3"
version = "2.3.0"
requires_python = ">=3.9"
summary = "HTTP library with thread-safe connection pooling, file post, and more."
groups = ["default"]
files = [
    {file = "urllib3-2.3.0-py3-none-any.whl", hash = "sha256:1cee9ad369867bfdbbb48b7dd50374c0967a0bb7710050facf0dd6911440e3df"},
    {file = "urllib3-2.3.0.tar.gz", hash = "sha256:f8c5449b3cf0861679ce7e0503c7b44b5ec981bec0d1d3795a07f1ba96f0204d"},
]

[[package]]
name = "watchdog"
version = "6.0.0"
requires_python = ">=3.9"
summary = "Filesystem events monitoring"
groups = ["default"]
marker = "platform_system != \"Darwin\""
files = [
    {file = "watchdog-6.0.0-cp310-cp310-macosx_10_9_universal2.whl", hash = "sha256:d1cdb490583ebd691c012b3d6dae011000fe42edb7a82ece80965b42abd61f26"},
    {file = "watchdog-6.0.0-cp310-cp310-macosx_10_9_x86_64.whl", hash = "sha256:bc64ab3bdb6a04d69d4023b29422170b74681784ffb9463ed4870cf2f3e66112"},
    {file = "watchdog-6.0.0-cp310-cp310-macosx_11_0_arm64.whl", hash = "sha256:c897ac1b55c5a1461e16dae288d22bb2e412ba9807df8397a635d88f671d36c3"},
    {file = "watchdog-6.0.0-pp310-pypy310_pp73-macosx_10_15_x86_64.whl", hash = "sha256:c7ac31a19f4545dd92fc25d200694098f42c9a8e391bc00bdd362c5736dbf881"},
    {file = "watchdog-6.0.0-pp310-pypy310_pp73-macosx_11_0_arm64.whl", hash = "sha256:9513f27a1a582d9808cf21a07dae516f0fab1cf2d7683a742c498b93eedabb11"},
    {file = "watchdog-6.0.0-py3-none-manylinux2014_aarch64.whl", hash = "sha256:7607498efa04a3542ae3e05e64da8202e58159aa1fa4acddf7678d34a35d4f13"},
    {file = "watchdog-6.0.0-py3-none-manylinux2014_armv7l.whl", hash = "sha256:9041567ee8953024c83343288ccc458fd0a2d811d6a0fd68c4c22609e3490379"},
    {file = "watchdog-6.0.0-py3-none-manylinux2014_i686.whl", hash = "sha256:82dc3e3143c7e38ec49d61af98d6558288c415eac98486a5c581726e0737c00e"},
    {file = "watchdog-6.0.0-py3-none-manylinux2014_ppc64.whl", hash = "sha256:212ac9b8bf1161dc91bd09c048048a95ca3a4c4f5e5d4a7d1b1a7d5752a7f96f"},
    {file = "watchdog-6.0.0-py3-none-manylinux2014_ppc64le.whl", hash = "sha256:e3df4cbb9a450c6d49318f6d14f4bbc80d763fa587ba46ec86f99f9e6876bb26"},
    {file = "watchdog-6.0.0-py3-none-manylinux2014_s390x.whl", hash = "sha256:2cce7cfc2008eb51feb6aab51251fd79b85d9894e98ba847408f662b3395ca3c"},
    {file = "watchdog-6.0.0-py3-none-manylinux2014_x86_64.whl", hash = "sha256:20ffe5b202af80ab4266dcd3e91aae72bf2da48c0d33bdb15c66658e685e94e2"},
    {file = "watchdog-6.0.0-py3-none-win32.whl", hash = "sha256:07df1fdd701c5d4c8e55ef6cf55b8f0120fe1aef7ef39a1c6fc6bc2e606d517a"},
    {file = "watchdog-6.0.0-py3-none-win_amd64.whl", hash = "sha256:cbafb470cf848d93b5d013e2ecb245d4aa1c8fd0504e863ccefa32445359d680"},
    {file = "watchdog-6.0.0-py3-none-win_ia64.whl", hash = "sha256:a1914259fa9e1454315171103c6a30961236f508b9b623eae470268bbcc6a22f"},
    {file = "watchdog-6.0.0.tar.gz", hash = "sha256:9ddf7c82fda3ae8e24decda1338ede66e1c99883db93711d8fb941eaa2d8c282"},
]
